
Microsoft Visual Studio Solution File, Format Version 12.00
# Visual Studio 15
VisualStudioVersion = 15.0.28307.1321
MinimumVisualStudioVersion = 10.0.40219.1
Project("{FAE04EC0-301F-11D3-BF4B-00C04F79EFBC}") = "B7.D48", "B7.D48\B7.D48.csproj", "{E4936FF2-367F-43C0-A92C-4506A2C56F53}"
EndProject
Project("{FAE04EC0-301F-11D3-BF4B-00C04F79EFBC}") = "B8.Ders68.IfElse", "B8.Ders68.IfElse\B8.Ders68.IfElse.csproj", "{91078D49-3A50-4580-9B93-36C328722C80}"
EndProject
Project("{FAE04EC0-301F-11D3-BF4B-00C04F79EFBC}") = "B8.D69", "B8.D69\B8.D69.csproj", "{31DC4E16-4A1D-4F2E-B03A-D8EFF4DC74B4}"
EndProject
Project("{FAE04EC0-301F-11D3-BF4B-00C04F79EFBC}") = "B8.D71", "B8.D71\B8.D71.csproj", "{29DA9FC7-BF5B-4BA2-ABD5-31E86E918DBC}"
EndProject
Project("{FAE04EC0-301F-11D3-BF4B-00C04F79EFBC}") = "B8.D73", "B8.D73\B8.D73.csproj", "{CA278A89-3004-4C3F-9117-0FAAA09EAFEE}"
EndProject
Project("{FAE04EC0-301F-11D3-BF4B-00C04F79EFBC}") = "B9.D79", "B9.d79\B9.D79.csproj", "{A35D9A55-2744-416A-A313-D6DAFEEEC1DE}"
EndProject
Project("{FAE04EC0-301F-11D3-BF4B-00C04F79EFBC}") = "B9.D10", "B9.D10\B9.D10.csproj", "{06902BCE-97FD-4574-A2F4-7CD23AA4A497}"
EndProject
Project("{FAE04EC0-301F-11D3-BF4B-00C04F79EFBC}") = "B9.D83", "B9.De83\B9.D83.csproj", "{C067F0D9-703C-4078-9F2D-21525A851914}"
EndProject
Project("{FAE04EC0-301F-11D3-BF4B-00C04F79EFBC}") = "B9.D86", "B9.D86\B9.D86.csproj", "{8D8D3716-C6F8-4447-A701-AD04B6DAAB2D}"
EndProject
Project("{FAE04EC0-301F-11D3-BF4B-00C04F79EFBC}") = "B9.D87", "B9.D87\B9.D87.csproj", "{19D18702-BB49-4476-AC8A-2FC9D2D0E32B}"
EndProject
Project("{FAE04EC0-301F-11D3-BF4B-00C04F79EFBC}") = "B9.D90", "B9.D90\B9.D90.csproj", "{10F89DA0-EE98-4469-99AA-F2FC111014EE}"
EndProject
Project("{FAE04EC0-301F-11D3-BF4B-00C04F79EFBC}") = "B9.D91", "B9.D91\B9.D91.csproj", "{94757DCE-39AA-4CC4-A205-15CC296C1347}"
EndProject
Project("{FAE04EC0-301F-11D3-BF4B-00C04F79EFBC}") = "B10.D95", "B10.D95\B10.D95.csproj", "{DA662961-A0B6-4C65-B23F-2FD39E6659E9}"
EndProject
Project("{FAE04EC0-301F-11D3-BF4B-00C04F79EFBC}") = "B11.D98.ArrayListe", "B11.D98.ArrayList\B11.D98.ArrayListe.csproj", "{F002226D-E609-4C0F-B96E-8DDE199D451C}"
EndProject
Project("{FAE04EC0-301F-11D3-BF4B-00C04F79EFBC}") = "B11.D99", "B11.D99\B11.D99.csproj", "{F6073060-77F1-4F05-9954-C85CAB5E7C06}"
EndProject
Project("{FAE04EC0-301F-11D3-BF4B-00C04F79EFBC}") = "B11.D100.HashtableSample", "B11.D100.HashtableSample\B11.D100.HashtableSample.csproj", "{73171520-277E-4BB5-9D92-31A0C76C5972}"
EndProject
Project("{FAE04EC0-301F-11D3-BF4B-00C04F79EFBC}") = "B12.D109", "B12.D109\B12.D109.csproj", "{4F1F968F-237F-4934-BF3B-A676DD59B461}"
EndProject
Project("{FAE04EC0-301F-11D3-BF4B-00C04F79EFBC}") = "B12.D110", "B12.D110\B12.D110.csproj", "{07FF1F21-CE29-49C7-8278-10A75C3C4E0F}"
EndProject
Project("{FAE04EC0-301F-11D3-BF4B-00C04F79EFBC}") = "B12.D111", "B12.D111\B12.D111.csproj", "{FB35B8A3-A582-4E7E-AE4E-3177E375950D}"
EndProject
Project("{FAE04EC0-301F-11D3-BF4B-00C04F79EFBC}") = "B12.D116", "B12.D116\B12.D116.csproj", "{F7F1734B-AED1-434C-A17C-2F1AB07E4D93}"
EndProject
Project("{FAE04EC0-301F-11D3-BF4B-00C04F79EFBC}") = "B12.D117.Params", "B12.D117.Params\B12.D117.Params.csproj", "{4AC29E02-0FC1-4A01-BE2B-1F1EE9351881}"
EndProject
Project("{FAE04EC0-301F-11D3-BF4B-00C04F79EFBC}") = "D12.B120.LocalFunction", "D12.B120.LocalFunction\D12.B120.LocalFunction.csproj", "{68A2BEA4-B41C-4904-8114-2ED80D195C7E}"
EndProject
Project("{FAE04EC0-301F-11D3-BF4B-00C04F79EFBC}") = "B13.d124.OOPTemelleri", "B13.d124.OOPTemelleri\B13.d124.OOPTemelleri.csproj", "{808B5F6B-D2F9-4EC5-BCBF-B855F9560489}"
EndProject
Project("{FAE04EC0-301F-11D3-BF4B-00C04F79EFBC}") = "B14.d129.Kapsulleme", "B14.d129.Kapsulleme\B14.d129.Kapsulleme.csproj", "{816B704D-323D-40F8-9FA4-CBCABD5C2FF4}"
EndProject
Project("{FAE04EC0-301F-11D3-BF4B-00C04F79EFBC}") = "B14.D131.KapsullemeOdec", "B14.D131.KapsullemeOdec\B14.D131.KapsullemeOdec.csproj", "{99EE946D-C448-47C0-9FB5-EB79B6F52E16}"
EndProject
Project("{FAE04EC0-301F-11D3-BF4B-00C04F79EFBC}") = "B15.Static", "B15.Static\B15.Static.csproj", "{924B2D85-7CBC-479F-8FB9-8BC7F9D16181}"
EndProject
Project("{FAE04EC0-301F-11D3-BF4B-00C04F79EFBC}") = "B15.ODEV", "B15.ODEV\B15.ODEV.csproj", "{A6D7657F-EC15-4833-A1A0-F5E3383050B3}"
EndProject
Project("{FAE04EC0-301F-11D3-BF4B-00C04F79EFBC}") = "B17.Kalitim", "B17.Kalitim\B17.Kalitim.csproj", "{AAAECCD1-813D-407F-B533-BDC109FAA8D0}"
EndProject
Project("{FAE04EC0-301F-11D3-BF4B-00C04F79EFBC}") = "B17.ODEV", "B17.ODEV\B17.ODEV.csproj", "{C5ABA5CA-301B-40C2-A472-18FC54FA153A}"
EndProject
Project("{FAE04EC0-301F-11D3-BF4B-00C04F79EFBC}") = "B18.SanalMethod", "B18.SanalMethod\B18.SanalMethod.csproj", "{4D881498-CF5C-4958-B980-B2B3694E0126}"
EndProject
Project("{FAE04EC0-301F-11D3-BF4B-00C04F79EFBC}") = "B19.Abstract", "B19.Abstract\B19.Abstract.csproj", "{18CC2B0F-DBC1-4C34-A7C4-77E618F9FCCB}"
EndProject
Project("{FAE04EC0-301F-11D3-BF4B-00C04F79EFBC}") = "B20.Partialclass", "b20.Partialclass\B20.Partialclass.csproj", "{F0247F74-5E95-4E41-B869-0D42C157F79A}"
EndProject
Project("{FAE04EC0-301F-11D3-BF4B-00C04F79EFBC}") = "B21.Enum", "B21.Enum\B21.Enum.csproj", "{A51EF7AE-B789-4D10-BF64-776DE781DC10}"
EndProject
Project("{FAE04EC0-301F-11D3-BF4B-00C04F79EFBC}") = "B23.GenericClass", "B23.GenericClass\B23.GenericClass.csproj", "{7A8B1A96-1A36-4893-A1E8-66EBEC3EB932}"
EndProject
Project("{FAE04EC0-301F-11D3-BF4B-00C04F79EFBC}") = "B24.D196.YeniFormClick", "B24.D196.YeniFormClick\B24.D196.YeniFormClick.csproj", "{81805D39-9215-4093-9AA6-B57245AAAA86}"
EndProject
Project("{FAE04EC0-301F-11D3-BF4B-00C04F79EFBC}") = "B24.D197.FormaVeriGonderme", "B24.D197.FormaVeriGonderme\B24.D197.FormaVeriGonderme.csproj", "{7AC5CF08-5ABE-4DE3-B9B9-4B690A2854D3}"
EndProject
Project("{FAE04EC0-301F-11D3-BF4B-00C04F79EFBC}") = "B24.D198.GirisFormu", "B24.D198.GirisFormu\B24.D198.GirisFormu.csproj", "{F9C46D7A-4FEC-4138-9776-EC154DDB84CF}"
EndProject
Project("{FAE04EC0-301F-11D3-BF4B-00C04F79EFBC}") = "B24.D202.KayitEklemeVeListeleme-Notify", "KayitEklemeVeListeleme-Notify\B24.D202.KayitEklemeVeListeleme-Notify.csproj", "{9CC99F11-C252-46DA-9EE3-D342A561609D}"
EndProject
Global
	GlobalSection(SolutionConfigurationPlatforms) = preSolution
		Debug|Any CPU = Debug|Any CPU
		Release|Any CPU = Release|Any CPU
	EndGlobalSection
	GlobalSection(ProjectConfigurationPlatforms) = postSolution
		{E4936FF2-367F-43C0-A92C-4506A2C56F53}.Debug|Any CPU.ActiveCfg = Debug|Any CPU
		{E4936FF2-367F-43C0-A92C-4506A2C56F53}.Debug|Any CPU.Build.0 = Debug|Any CPU
		{E4936FF2-367F-43C0-A92C-4506A2C56F53}.Release|Any CPU.ActiveCfg = Release|Any CPU
		{E4936FF2-367F-43C0-A92C-4506A2C56F53}.Release|Any CPU.Build.0 = Release|Any CPU
		{91078D49-3A50-4580-9B93-36C328722C80}.Debug|Any CPU.ActiveCfg = Debug|Any CPU
		{91078D49-3A50-4580-9B93-36C328722C80}.Debug|Any CPU.Build.0 = Debug|Any CPU
		{91078D49-3A50-4580-9B93-36C328722C80}.Release|Any CPU.ActiveCfg = Release|Any CPU
		{91078D49-3A50-4580-9B93-36C328722C80}.Release|Any CPU.Build.0 = Release|Any CPU
		{31DC4E16-4A1D-4F2E-B03A-D8EFF4DC74B4}.Debug|Any CPU.ActiveCfg = Debug|Any CPU
		{31DC4E16-4A1D-4F2E-B03A-D8EFF4DC74B4}.Debug|Any CPU.Build.0 = Debug|Any CPU
		{31DC4E16-4A1D-4F2E-B03A-D8EFF4DC74B4}.Release|Any CPU.ActiveCfg = Release|Any CPU
		{31DC4E16-4A1D-4F2E-B03A-D8EFF4DC74B4}.Release|Any CPU.Build.0 = Release|Any CPU
		{29DA9FC7-BF5B-4BA2-ABD5-31E86E918DBC}.Debug|Any CPU.ActiveCfg = Debug|Any CPU
		{29DA9FC7-BF5B-4BA2-ABD5-31E86E918DBC}.Debug|Any CPU.Build.0 = Debug|Any CPU
		{29DA9FC7-BF5B-4BA2-ABD5-31E86E918DBC}.Release|Any CPU.ActiveCfg = Release|Any CPU
		{29DA9FC7-BF5B-4BA2-ABD5-31E86E918DBC}.Release|Any CPU.Build.0 = Release|Any CPU
		{CA278A89-3004-4C3F-9117-0FAAA09EAFEE}.Debug|Any CPU.ActiveCfg = Debug|Any CPU
		{CA278A89-3004-4C3F-9117-0FAAA09EAFEE}.Debug|Any CPU.Build.0 = Debug|Any CPU
		{CA278A89-3004-4C3F-9117-0FAAA09EAFEE}.Release|Any CPU.ActiveCfg = Release|Any CPU
		{CA278A89-3004-4C3F-9117-0FAAA09EAFEE}.Release|Any CPU.Build.0 = Release|Any CPU
		{A35D9A55-2744-416A-A313-D6DAFEEEC1DE}.Debug|Any CPU.ActiveCfg = Debug|Any CPU
		{A35D9A55-2744-416A-A313-D6DAFEEEC1DE}.Debug|Any CPU.Build.0 = Debug|Any CPU
		{A35D9A55-2744-416A-A313-D6DAFEEEC1DE}.Release|Any CPU.ActiveCfg = Release|Any CPU
		{A35D9A55-2744-416A-A313-D6DAFEEEC1DE}.Release|Any CPU.Build.0 = Release|Any CPU
		{06902BCE-97FD-4574-A2F4-7CD23AA4A497}.Debug|Any CPU.ActiveCfg = Debug|Any CPU
		{06902BCE-97FD-4574-A2F4-7CD23AA4A497}.Debug|Any CPU.Build.0 = Debug|Any CPU
		{06902BCE-97FD-4574-A2F4-7CD23AA4A497}.Release|Any CPU.ActiveCfg = Release|Any CPU
		{06902BCE-97FD-4574-A2F4-7CD23AA4A497}.Release|Any CPU.Build.0 = Release|Any CPU
		{C067F0D9-703C-4078-9F2D-21525A851914}.Debug|Any CPU.ActiveCfg = Debug|Any CPU
		{C067F0D9-703C-4078-9F2D-21525A851914}.Debug|Any CPU.Build.0 = Debug|Any CPU
		{C067F0D9-703C-4078-9F2D-21525A851914}.Release|Any CPU.ActiveCfg = Release|Any CPU
		{C067F0D9-703C-4078-9F2D-21525A851914}.Release|Any CPU.Build.0 = Release|Any CPU
		{8D8D3716-C6F8-4447-A701-AD04B6DAAB2D}.Debug|Any CPU.ActiveCfg = Debug|Any CPU
		{8D8D3716-C6F8-4447-A701-AD04B6DAAB2D}.Debug|Any CPU.Build.0 = Debug|Any CPU
		{8D8D3716-C6F8-4447-A701-AD04B6DAAB2D}.Release|Any CPU.ActiveCfg = Release|Any CPU
		{8D8D3716-C6F8-4447-A701-AD04B6DAAB2D}.Release|Any CPU.Build.0 = Release|Any CPU
		{19D18702-BB49-4476-AC8A-2FC9D2D0E32B}.Debug|Any CPU.ActiveCfg = Debug|Any CPU
		{19D18702-BB49-4476-AC8A-2FC9D2D0E32B}.Debug|Any CPU.Build.0 = Debug|Any CPU
		{19D18702-BB49-4476-AC8A-2FC9D2D0E32B}.Release|Any CPU.ActiveCfg = Release|Any CPU
		{19D18702-BB49-4476-AC8A-2FC9D2D0E32B}.Release|Any CPU.Build.0 = Release|Any CPU
		{10F89DA0-EE98-4469-99AA-F2FC111014EE}.Debug|Any CPU.ActiveCfg = Debug|Any CPU
		{10F89DA0-EE98-4469-99AA-F2FC111014EE}.Debug|Any CPU.Build.0 = Debug|Any CPU
		{10F89DA0-EE98-4469-99AA-F2FC111014EE}.Release|Any CPU.ActiveCfg = Release|Any CPU
		{10F89DA0-EE98-4469-99AA-F2FC111014EE}.Release|Any CPU.Build.0 = Release|Any CPU
		{94757DCE-39AA-4CC4-A205-15CC296C1347}.Debug|Any CPU.ActiveCfg = Debug|Any CPU
		{94757DCE-39AA-4CC4-A205-15CC296C1347}.Debug|Any CPU.Build.0 = Debug|Any CPU
		{94757DCE-39AA-4CC4-A205-15CC296C1347}.Release|Any CPU.ActiveCfg = Release|Any CPU
		{94757DCE-39AA-4CC4-A205-15CC296C1347}.Release|Any CPU.Build.0 = Release|Any CPU
		{DA662961-A0B6-4C65-B23F-2FD39E6659E9}.Debug|Any CPU.ActiveCfg = Debug|Any CPU
		{DA662961-A0B6-4C65-B23F-2FD39E6659E9}.Debug|Any CPU.Build.0 = Debug|Any CPU
		{DA662961-A0B6-4C65-B23F-2FD39E6659E9}.Release|Any CPU.ActiveCfg = Release|Any CPU
		{DA662961-A0B6-4C65-B23F-2FD39E6659E9}.Release|Any CPU.Build.0 = Release|Any CPU
		{F002226D-E609-4C0F-B96E-8DDE199D451C}.Debug|Any CPU.ActiveCfg = Debug|Any CPU
		{F002226D-E609-4C0F-B96E-8DDE199D451C}.Debug|Any CPU.Build.0 = Debug|Any CPU
		{F002226D-E609-4C0F-B96E-8DDE199D451C}.Release|Any CPU.ActiveCfg = Release|Any CPU
		{F002226D-E609-4C0F-B96E-8DDE199D451C}.Release|Any CPU.Build.0 = Release|Any CPU
		{F6073060-77F1-4F05-9954-C85CAB5E7C06}.Debug|Any CPU.ActiveCfg = Debug|Any CPU
		{F6073060-77F1-4F05-9954-C85CAB5E7C06}.Debug|Any CPU.Build.0 = Debug|Any CPU
		{F6073060-77F1-4F05-9954-C85CAB5E7C06}.Release|Any CPU.ActiveCfg = Release|Any CPU
		{F6073060-77F1-4F05-9954-C85CAB5E7C06}.Release|Any CPU.Build.0 = Release|Any CPU
		{73171520-277E-4BB5-9D92-31A0C76C5972}.Debug|Any CPU.ActiveCfg = Debug|Any CPU
		{73171520-277E-4BB5-9D92-31A0C76C5972}.Debug|Any CPU.Build.0 = Debug|Any CPU
		{73171520-277E-4BB5-9D92-31A0C76C5972}.Release|Any CPU.ActiveCfg = Release|Any CPU
		{73171520-277E-4BB5-9D92-31A0C76C5972}.Release|Any CPU.Build.0 = Release|Any CPU
		{4F1F968F-237F-4934-BF3B-A676DD59B461}.Debug|Any CPU.ActiveCfg = Debug|Any CPU
		{4F1F968F-237F-4934-BF3B-A676DD59B461}.Debug|Any CPU.Build.0 = Debug|Any CPU
		{4F1F968F-237F-4934-BF3B-A676DD59B461}.Release|Any CPU.ActiveCfg = Release|Any CPU
		{4F1F968F-237F-4934-BF3B-A676DD59B461}.Release|Any CPU.Build.0 = Release|Any CPU
		{07FF1F21-CE29-49C7-8278-10A75C3C4E0F}.Debug|Any CPU.ActiveCfg = Debug|Any CPU
		{07FF1F21-CE29-49C7-8278-10A75C3C4E0F}.Debug|Any CPU.Build.0 = Debug|Any CPU
		{07FF1F21-CE29-49C7-8278-10A75C3C4E0F}.Release|Any CPU.ActiveCfg = Release|Any CPU
		{07FF1F21-CE29-49C7-8278-10A75C3C4E0F}.Release|Any CPU.Build.0 = Release|Any CPU
		{FB35B8A3-A582-4E7E-AE4E-3177E375950D}.Debug|Any CPU.ActiveCfg = Debug|Any CPU
		{FB35B8A3-A582-4E7E-AE4E-3177E375950D}.Debug|Any CPU.Build.0 = Debug|Any CPU
		{FB35B8A3-A582-4E7E-AE4E-3177E375950D}.Release|Any CPU.ActiveCfg = Release|Any CPU
		{FB35B8A3-A582-4E7E-AE4E-3177E375950D}.Release|Any CPU.Build.0 = Release|Any CPU
		{F7F1734B-AED1-434C-A17C-2F1AB07E4D93}.Debug|Any CPU.ActiveCfg = Debug|Any CPU
		{F7F1734B-AED1-434C-A17C-2F1AB07E4D93}.Debug|Any CPU.Build.0 = Debug|Any CPU
		{F7F1734B-AED1-434C-A17C-2F1AB07E4D93}.Release|Any CPU.ActiveCfg = Release|Any CPU
		{F7F1734B-AED1-434C-A17C-2F1AB07E4D93}.Release|Any CPU.Build.0 = Release|Any CPU
		{4AC29E02-0FC1-4A01-BE2B-1F1EE9351881}.Debug|Any CPU.ActiveCfg = Debug|Any CPU
		{4AC29E02-0FC1-4A01-BE2B-1F1EE9351881}.Debug|Any CPU.Build.0 = Debug|Any CPU
		{4AC29E02-0FC1-4A01-BE2B-1F1EE9351881}.Release|Any CPU.ActiveCfg = Release|Any CPU
		{4AC29E02-0FC1-4A01-BE2B-1F1EE9351881}.Release|Any CPU.Build.0 = Release|Any CPU
		{68A2BEA4-B41C-4904-8114-2ED80D195C7E}.Debug|Any CPU.ActiveCfg = Debug|Any CPU
		{68A2BEA4-B41C-4904-8114-2ED80D195C7E}.Debug|Any CPU.Build.0 = Debug|Any CPU
		{68A2BEA4-B41C-4904-8114-2ED80D195C7E}.Release|Any CPU.ActiveCfg = Release|Any CPU
		{68A2BEA4-B41C-4904-8114-2ED80D195C7E}.Release|Any CPU.Build.0 = Release|Any CPU
		{808B5F6B-D2F9-4EC5-BCBF-B855F9560489}.Debug|Any CPU.ActiveCfg = Debug|Any CPU
		{808B5F6B-D2F9-4EC5-BCBF-B855F9560489}.Debug|Any CPU.Build.0 = Debug|Any CPU
		{808B5F6B-D2F9-4EC5-BCBF-B855F9560489}.Release|Any CPU.ActiveCfg = Release|Any CPU
		{808B5F6B-D2F9-4EC5-BCBF-B855F9560489}.Release|Any CPU.Build.0 = Release|Any CPU
		{816B704D-323D-40F8-9FA4-CBCABD5C2FF4}.Debug|Any CPU.ActiveCfg = Debug|Any CPU
		{816B704D-323D-40F8-9FA4-CBCABD5C2FF4}.Debug|Any CPU.Build.0 = Debug|Any CPU
		{816B704D-323D-40F8-9FA4-CBCABD5C2FF4}.Release|Any CPU.ActiveCfg = Release|Any CPU
		{816B704D-323D-40F8-9FA4-CBCABD5C2FF4}.Release|Any CPU.Build.0 = Release|Any CPU
		{99EE946D-C448-47C0-9FB5-EB79B6F52E16}.Debug|Any CPU.ActiveCfg = Debug|Any CPU
		{99EE946D-C448-47C0-9FB5-EB79B6F52E16}.Debug|Any CPU.Build.0 = Debug|Any CPU
		{99EE946D-C448-47C0-9FB5-EB79B6F52E16}.Release|Any CPU.ActiveCfg = Release|Any CPU
		{99EE946D-C448-47C0-9FB5-EB79B6F52E16}.Release|Any CPU.Build.0 = Release|Any CPU
		{924B2D85-7CBC-479F-8FB9-8BC7F9D16181}.Debug|Any CPU.ActiveCfg = Debug|Any CPU
		{924B2D85-7CBC-479F-8FB9-8BC7F9D16181}.Debug|Any CPU.Build.0 = Debug|Any CPU
		{924B2D85-7CBC-479F-8FB9-8BC7F9D16181}.Release|Any CPU.ActiveCfg = Release|Any CPU
		{924B2D85-7CBC-479F-8FB9-8BC7F9D16181}.Release|Any CPU.Build.0 = Release|Any CPU
		{A6D7657F-EC15-4833-A1A0-F5E3383050B3}.Debug|Any CPU.ActiveCfg = Debug|Any CPU
		{A6D7657F-EC15-4833-A1A0-F5E3383050B3}.Debug|Any CPU.Build.0 = Debug|Any CPU
		{A6D7657F-EC15-4833-A1A0-F5E3383050B3}.Release|Any CPU.ActiveCfg = Release|Any CPU
		{A6D7657F-EC15-4833-A1A0-F5E3383050B3}.Release|Any CPU.Build.0 = Release|Any CPU
		{AAAECCD1-813D-407F-B533-BDC109FAA8D0}.Debug|Any CPU.ActiveCfg = Debug|Any CPU
		{AAAECCD1-813D-407F-B533-BDC109FAA8D0}.Debug|Any CPU.Build.0 = Debug|Any CPU
		{AAAECCD1-813D-407F-B533-BDC109FAA8D0}.Release|Any CPU.ActiveCfg = Release|Any CPU
		{AAAECCD1-813D-407F-B533-BDC109FAA8D0}.Release|Any CPU.Build.0 = Release|Any CPU
		{C5ABA5CA-301B-40C2-A472-18FC54FA153A}.Debug|Any CPU.ActiveCfg = Debug|Any CPU
		{C5ABA5CA-301B-40C2-A472-18FC54FA153A}.Debug|Any CPU.Build.0 = Debug|Any CPU
		{C5ABA5CA-301B-40C2-A472-18FC54FA153A}.Release|Any CPU.ActiveCfg = Release|Any CPU
		{C5ABA5CA-301B-40C2-A472-18FC54FA153A}.Release|Any CPU.Build.0 = Release|Any CPU
		{4D881498-CF5C-4958-B980-B2B3694E0126}.Debug|Any CPU.ActiveCfg = Debug|Any CPU
		{4D881498-CF5C-4958-B980-B2B3694E0126}.Debug|Any CPU.Build.0 = Debug|Any CPU
		{4D881498-CF5C-4958-B980-B2B3694E0126}.Release|Any CPU.ActiveCfg = Release|Any CPU
		{4D881498-CF5C-4958-B980-B2B3694E0126}.Release|Any CPU.Build.0 = Release|Any CPU
		{18CC2B0F-DBC1-4C34-A7C4-77E618F9FCCB}.Debug|Any CPU.ActiveCfg = Debug|Any CPU
		{18CC2B0F-DBC1-4C34-A7C4-77E618F9FCCB}.Debug|Any CPU.Build.0 = Debug|Any CPU
		{18CC2B0F-DBC1-4C34-A7C4-77E618F9FCCB}.Release|Any CPU.ActiveCfg = Release|Any CPU
		{18CC2B0F-DBC1-4C34-A7C4-77E618F9FCCB}.Release|Any CPU.Build.0 = Release|Any CPU
		{F0247F74-5E95-4E41-B869-0D42C157F79A}.Debug|Any CPU.ActiveCfg = Debug|Any CPU
		{F0247F74-5E95-4E41-B869-0D42C157F79A}.Debug|Any CPU.Build.0 = Debug|Any CPU
		{F0247F74-5E95-4E41-B869-0D42C157F79A}.Release|Any CPU.ActiveCfg = Release|Any CPU
		{F0247F74-5E95-4E41-B869-0D42C157F79A}.Release|Any CPU.Build.0 = Release|Any CPU
		{A51EF7AE-B789-4D10-BF64-776DE781DC10}.Debug|Any CPU.ActiveCfg = Debug|Any CPU
		{A51EF7AE-B789-4D10-BF64-776DE781DC10}.Debug|Any CPU.Build.0 = Debug|Any CPU
		{A51EF7AE-B789-4D10-BF64-776DE781DC10}.Release|Any CPU.ActiveCfg = Release|Any CPU
		{A51EF7AE-B789-4D10-BF64-776DE781DC10}.Release|Any CPU.Build.0 = Release|Any CPU
		{7A8B1A96-1A36-4893-A1E8-66EBEC3EB932}.Debug|Any CPU.ActiveCfg = Debug|Any CPU
		{7A8B1A96-1A36-4893-A1E8-66EBEC3EB932}.Debug|Any CPU.Build.0 = Debug|Any CPU
		{7A8B1A96-1A36-4893-A1E8-66EBEC3EB932}.Release|Any CPU.ActiveCfg = Release|Any CPU
		{7A8B1A96-1A36-4893-A1E8-66EBEC3EB932}.Release|Any CPU.Build.0 = Release|Any CPU
		{81805D39-9215-4093-9AA6-B57245AAAA86}.Debug|Any CPU.ActiveCfg = Debug|Any CPU
		{81805D39-9215-4093-9AA6-B57245AAAA86}.Debug|Any CPU.Build.0 = Debug|Any CPU
		{81805D39-9215-4093-9AA6-B57245AAAA86}.Release|Any CPU.ActiveCfg = Release|Any CPU
		{81805D39-9215-4093-9AA6-B57245AAAA86}.Release|Any CPU.Build.0 = Release|Any CPU
		{7AC5CF08-5ABE-4DE3-B9B9-4B690A2854D3}.Debug|Any CPU.ActiveCfg = Debug|Any CPU
		{7AC5CF08-5ABE-4DE3-B9B9-4B690A2854D3}.Debug|Any CPU.Build.0 = Debug|Any CPU
		{7AC5CF08-5ABE-4DE3-B9B9-4B690A2854D3}.Release|Any CPU.ActiveCfg = Release|Any CPU
		{7AC5CF08-5ABE-4DE3-B9B9-4B690A2854D3}.Release|Any CPU.Build.0 = Release|Any CPU
		{F9C46D7A-4FEC-4138-9776-EC154DDB84CF}.Debug|Any CPU.ActiveCfg = Debug|Any CPU
		{F9C46D7A-4FEC-4138-9776-EC154DDB84CF}.Debug|Any CPU.Build.0 = Debug|Any CPU
		{F9C46D7A-4FEC-4138-9776-EC154DDB84CF}.Release|Any CPU.ActiveCfg = Release|Any CPU
		{F9C46D7A-4FEC-4138-9776-EC154DDB84CF}.Release|Any CPU.Build.0 = Release|Any CPU
		{9CC99F11-C252-46DA-9EE3-D342A561609D}.Debug|Any CPU.ActiveCfg = Debug|Any CPU
		{9CC99F11-C252-46DA-9EE3-D342A561609D}.Debug|Any CPU.Build.0 = Debug|Any CPU
		{9CC99F11-C252-46DA-9EE3-D342A561609D}.Release|Any CPU.ActiveCfg = Release|Any CPU
		{9CC99F11-C252-46DA-9EE3-D342A561609D}.Release|Any CPU.Build.0 = Release|Any CPU
	EndGlobalSection
	GlobalSection(SolutionProperties) = preSolution
		HideSolutionNode = FALSE
	EndGlobalSection
	GlobalSection(ExtensibilityGlobals) = postSolution
		SolutionGuid = {8E2D5898-027F-4873-8A66-06E55C64D8B7}
	EndGlobalSection
EndGlobal
